
Microsoft Visual Studio Solution File, Format Version 12.00
# Visual Studio Version 17
VisualStudioVersion = 17.12.35527.113
MinimumVisualStudioVersion = 10.0.40219.1
Project("{8BC9CEB8-8B4A-11D0-8D11-00A0C91BC942}") = "1.BubbleSort", "1.BubbleSort\1.BubbleSort.vcxproj", "{17E784C9-CE12-4FE8-B63D-B84590BDFF42}"
EndProject
Project("{8BC9CEB8-8B4A-11D0-8D11-00A0C91BC942}") = "2.SelectionSort", "2.SelectionSort\2.SelectionSort.vcxproj", "{4294C74F-B91F-4064-AFE7-E023F0193402}"
EndProject
Project("{8BC9CEB8-8B4A-11D0-8D11-00A0C91BC942}") = "3.InsertionSort", "3.InsertionSort\3.InsertionSort.vcxproj", "{FBD76461-2BCF-42A1-BC39-E6A10625DCB4}"
EndProject
Project("{8BC9CEB8-8B4A-11D0-8D11-00A0C91BC942}") = "4.QuickSort", "4.QuickSort\4.QuickSort.vcxproj", "{6CDCC4E9-4BAD-4509-914F-DFEE32284254}"
EndProject
Project("{8BC9CEB8-8B4A-11D0-8D11-00A0C91BC942}") = "5.MergeSort", "5.MergeSort\5.MergeSort.vcxproj", "{A700A11A-53EF-483A-A3C4-6486176DD0D3}"
EndProject
Project("{8BC9CEB8-8B4A-11D0-8D11-00A0C91BC942}") = "6.HeapSort", "6.HeapSort\6.HeapSort.vcxproj", "{D3278588-9C6B-4C8E-9196-4D46DB97F140}"
EndProject
Project("{8BC9CEB8-8B4A-11D0-8D11-00A0C91BC942}") = "7.DFS", "7.DFS\7.DFS.vcxproj", "{DBC42657-A1FF-40DA-A217-1D93D197B8E0}"
EndProject
Global
	GlobalSection(SolutionConfigurationPlatforms) = preSolution
		Debug|x64 = Debug|x64
		Debug|x86 = Debug|x86
		Release|x64 = Release|x64
		Release|x86 = Release|x86
	EndGlobalSection
	GlobalSection(ProjectConfigurationPlatforms) = postSolution
		{17E784C9-CE12-4FE8-B63D-B84590BDFF42}.Debug|x64.ActiveCfg = Debug|x64
		{17E784C9-CE12-4FE8-B63D-B84590BDFF42}.Debug|x64.Build.0 = Debug|x64
		{17E784C9-CE12-4FE8-B63D-B84590BDFF42}.Debug|x86.ActiveCfg = Debug|Win32
		{17E784C9-CE12-4FE8-B63D-B84590BDFF42}.Debug|x86.Build.0 = Debug|Win32
		{17E784C9-CE12-4FE8-B63D-B84590BDFF42}.Release|x64.ActiveCfg = Release|x64
		{17E784C9-CE12-4FE8-B63D-B84590BDFF42}.Release|x64.Build.0 = Release|x64
		{17E784C9-CE12-4FE8-B63D-B84590BDFF42}.Release|x86.ActiveCfg = Release|Win32
		{17E784C9-CE12-4FE8-B63D-B84590BDFF42}.Release|x86.Build.0 = Release|Win32
		{4294C74F-B91F-4064-AFE7-E023F0193402}.Debug|x64.ActiveCfg = Debug|x64
		{4294C74F-B91F-4064-AFE7-E023F0193402}.Debug|x64.Build.0 = Debug|x64
		{4294C74F-B91F-4064-AFE7-E023F0193402}.Debug|x86.ActiveCfg = Debug|Win32
		{4294C74F-B91F-4064-AFE7-E023F0193402}.Debug|x86.Build.0 = Debug|Win32
		{4294C74F-B91F-4064-AFE7-E023F0193402}.Release|x64.ActiveCfg = Release|x64
		{4294C74F-B91F-4064-AFE7-E023F0193402}.Release|x64.Build.0 = Release|x64
		{4294C74F-B91F-4064-AFE7-E023F0193402}.Release|x86.ActiveCfg = Release|Win32
		{4294C74F-B91F-4064-AFE7-E023F0193402}.Release|x86.Build.0 = Release|Win32
		{FBD76461-2BCF-42A1-BC39-E6A10625DCB4}.Debug|x64.ActiveCfg = Debug|x64
		{FBD76461-2BCF-42A1-BC39-E6A10625DCB4}.Debug|x64.Build.0 = Debug|x64
		{FBD76461-2BCF-42A1-BC39-E6A10625DCB4}.Debug|x86.ActiveCfg = Debug|Win32
		{FBD76461-2BCF-42A1-BC39-E6A10625DCB4}.Debug|x86.Build.0 = Debug|Win32
		{FBD76461-2BCF-42A1-BC39-E6A10625DCB4}.Release|x64.ActiveCfg = Release|x64
		{FBD76461-2BCF-42A1-BC39-E6A10625DCB4}.Release|x64.Build.0 = Release|x64
		{FBD76461-2BCF-42A1-BC39-E6A10625DCB4}.Release|x86.ActiveCfg = Release|Win32
		{FBD76461-2BCF-42A1-BC39-E6A10625DCB4}.Release|x86.Build.0 = Release|Win32
		{6CDCC4E9-4BAD-4509-914F-DFEE32284254}.Debug|x64.ActiveCfg = Debug|x64
		{6CDCC4E9-4BAD-4509-914F-DFEE32284254}.Debug|x64.Build.0 = Debug|x64
		{6CDCC4E9-4BAD-4509-914F-DFEE32284254}.Debug|x86.ActiveCfg = Debug|Win32
		{6CDCC4E9-4BAD-4509-914F-DFEE32284254}.Debug|x86.Build.0 = Debug|Win32
		{6CDCC4E9-4BAD-4509-914F-DFEE32284254}.Release|x64.ActiveCfg = Release|x64
		{6CDCC4E9-4BAD-4509-914F-DFEE32284254}.Release|x64.Build.0 = Release|x64
		{6CDCC4E9-4BAD-4509-914F-DFEE32284254}.Release|x86.ActiveCfg = Release|Win32
		{6CDCC4E9-4BAD-4509-914F-DFEE32284254}.Release|x86.Build.0 = Release|Win32
		{A700A11A-53EF-483A-A3C4-6486176DD0D3}.Debug|x64.ActiveCfg = Debug|x64
		{A700A11A-53EF-483A-A3C4-6486176DD0D3}.Debug|x64.Build.0 = Debug|x64
		{A700A11A-53EF-483A-A3C4-6486176DD0D3}.Debug|x86.ActiveCfg = Debug|Win32
		{A700A11A-53EF-483A-A3C4-6486176DD0D3}.Debug|x86.Build.0 = Debug|Win32
		{A700A11A-53EF-483A-A3C4-6486176DD0D3}.Release|x64.ActiveCfg = Release|x64
		{A700A11A-53EF-483A-A3C4-6486176DD0D3}.Release|x64.Build.0 = Release|x64
		{A700A11A-53EF-483A-A3C4-6486176DD0D3}.Release|x86.ActiveCfg = Release|Win32
		{A700A11A-53EF-483A-A3C4-6486176DD0D3}.Release|x86.Build.0 = Release|Win32
		{D3278588-9C6B-4C8E-9196-4D46DB97F140}.Debug|x64.ActiveCfg = Debug|x64
		{D3278588-9C6B-4C8E-9196-4D46DB97F140}.Debug|x64.Build.0 = Debug|x64
		{D3278588-9C6B-4C8E-9196-4D46DB97F140}.Debug|x86.ActiveCfg = Debug|Win32
		{D3278588-9C6B-4C8E-9196-4D46DB97F140}.Debug|x86.Build.0 = Debug|Win32
		{D3278588-9C6B-4C8E-9196-4D46DB97F140}.Release|x64.ActiveCfg = Release|x64
		{D3278588-9C6B-4C8E-9196-4D46DB97F140}.Release|x64.Build.0 = Release|x64
		{D3278588-9C6B-4C8E-9196-4D46DB97F140}.Release|x86.ActiveCfg = Release|Win32
		{D3278588-9C6B-4C8E-9196-4D46DB97F140}.Release|x86.Build.0 = Release|Win32
		{DBC42657-A1FF-40DA-A217-1D93D197B8E0}.Debug|x64.ActiveCfg = Debug|x64
		{DBC42657-A1FF-40DA-A217-1D93D197B8E0}.Debug|x64.Build.0 = Debug|x64
		{DBC42657-A1FF-40DA-A217-1D93D197B8E0}.Debug|x86.ActiveCfg = Debug|Win32
		{DBC42657-A1FF-40DA-A217-1D93D197B8E0}.Debug|x86.Build.0 = Debug|Win32
		{DBC42657-A1FF-40DA-A217-1D93D197B8E0}.Release|x64.ActiveCfg = Release|x64
		{DBC42657-A1FF-40DA-A217-1D93D197B8E0}.Release|x64.Build.0 = Release|x64
		{DBC42657-A1FF-40DA-A217-1D93D197B8E0}.Release|x86.ActiveCfg = Release|Win32
		{DBC42657-A1FF-40DA-A217-1D93D197B8E0}.Release|x86.Build.0 = Release|Win32
	EndGlobalSection
	GlobalSection(SolutionProperties) = preSolution
		HideSolutionNode = FALSE
	EndGlobalSection
EndGlobal
